
Microsoft Visual Studio Solution File, Format Version 12.00
# Visual Studio Version 16
VisualStudioVersion = 16.0.28902.138
MinimumVisualStudioVersion = 10.0.40219.1
Project("{D954291E-2A0B-460D-934E-DC6B0785DB48}") = "TestApp.Shared", "TestApp\TestApp.Shared\TestApp.Shared.shproj", "{6279C845-92F8-4333-AB99-3D213163593C}"
EndProject
Project("{FAE04EC0-301F-11D3-BF4B-00C04F79EFBC}") = "TestApp.Droid", "TestApp\TestApp.Droid\TestApp.Droid.csproj", "{24D060F5-FC4B-4459-9B42-FB01F3692620}"
EndProject
Project("{FAE04EC0-301F-11D3-BF4B-00C04F79EFBC}") = "TestApp.iOS", "TestApp\TestApp.iOS\TestApp.iOS.csproj", "{A71657D2-BF05-4C4C-97C8-A4F456920345}"
EndProject
Project("{FAE04EC0-301F-11D3-BF4B-00C04F79EFBC}") = "TestApp.UWP", "TestApp\TestApp.UWP\TestApp.UWP.csproj", "{C6EEC432-4AD4-43E0-980A-29D5FD15B441}"
EndProject
Project("{9A19103F-16F7-4668-BE54-9A1E7A4F7556}") = "TestApp.Wasm", "TestApp\TestApp.Wasm\TestApp.Wasm.csproj", "{215F2C47-F238-440C-91E6-D7C23BB0FC1E}"
EndProject
Global
	GlobalSection(SharedMSBuildProjectFiles) = preSolution
		TestApp\TestApp.Shared\TestApp.Shared.projitems*{24d060f5-fc4b-4459-9b42-fb01f3692620}*SharedItemsImports = 4
		TestApp\TestApp.Shared\TestApp.Shared.projitems*{6279c845-92f8-4333-ab99-3d213163593c}*SharedItemsImports = 13
		TestApp\TestApp.Shared\TestApp.Shared.projitems*{a71657d2-bf05-4c4c-97c8-a4f456920345}*SharedItemsImports = 4
		TestApp\TestApp.Shared\TestApp.Shared.projitems*{c6eec432-4ad4-43e0-980a-29d5fd15b441}*SharedItemsImports = 4
	EndGlobalSection
	GlobalSection(SolutionConfigurationPlatforms) = preSolution
		Ad-Hoc|Any CPU = Ad-Hoc|Any CPU
		Ad-Hoc|ARM = Ad-Hoc|ARM
		Ad-Hoc|iPhone = Ad-Hoc|iPhone
		Ad-Hoc|iPhoneSimulator = Ad-Hoc|iPhoneSimulator
		Ad-Hoc|x64 = Ad-Hoc|x64
		Ad-Hoc|x86 = Ad-Hoc|x86
		AppStore|Any CPU = AppStore|Any CPU
		AppStore|ARM = AppStore|ARM
		AppStore|iPhone = AppStore|iPhone
		AppStore|iPhoneSimulator = AppStore|iPhoneSimulator
		AppStore|x64 = AppStore|x64
		AppStore|x86 = AppStore|x86
		Debug|Any CPU = Debug|Any CPU
		Debug|ARM = Debug|ARM
		Debug|iPhone = Debug|iPhone
		Debug|iPhoneSimulator = Debug|iPhoneSimulator
		Debug|x64 = Debug|x64
		Debug|x86 = Debug|x86
		Release|Any CPU = Release|Any CPU
		Release|ARM = Release|ARM
		Release|iPhone = Release|iPhone
		Release|iPhoneSimulator = Release|iPhoneSimulator
		Release|x64 = Release|x64
		Release|x86 = Release|x86
	EndGlobalSection
	GlobalSection(ProjectConfigurationPlatforms) = postSolution
		{24D060F5-FC4B-4459-9B42-FB01F3692620}.Ad-Hoc|Any CPU.ActiveCfg = Release|Any CPU
		{24D060F5-FC4B-4459-9B42-FB01F3692620}.Ad-Hoc|Any CPU.Build.0 = Release|Any CPU
		{24D060F5-FC4B-4459-9B42-FB01F3692620}.Ad-Hoc|Any CPU.Deploy.0 = Release|Any CPU
		{24D060F5-FC4B-4459-9B42-FB01F3692620}.Ad-Hoc|ARM.ActiveCfg = Release|Any CPU
		{24D060F5-FC4B-4459-9B42-FB01F3692620}.Ad-Hoc|ARM.Build.0 = Release|Any CPU
		{24D060F5-FC4B-4459-9B42-FB01F3692620}.Ad-Hoc|ARM.Deploy.0 = Release|Any CPU
		{24D060F5-FC4B-4459-9B42-FB01F3692620}.Ad-Hoc|iPhone.ActiveCfg = Release|Any CPU
		{24D060F5-FC4B-4459-9B42-FB01F3692620}.Ad-Hoc|iPhone.Build.0 = Release|Any CPU
		{24D060F5-FC4B-4459-9B42-FB01F3692620}.Ad-Hoc|iPhone.Deploy.0 = Release|Any CPU
		{24D060F5-FC4B-4459-9B42-FB01F3692620}.Ad-Hoc|iPhoneSimulator.ActiveCfg = Release|Any CPU
		{24D060F5-FC4B-4459-9B42-FB01F3692620}.Ad-Hoc|iPhoneSimulator.Build.0 = Release|Any CPU
		{24D060F5-FC4B-4459-9B42-FB01F3692620}.Ad-Hoc|iPhoneSimulator.Deploy.0 = Release|Any CPU
		{24D060F5-FC4B-4459-9B42-FB01F3692620}.Ad-Hoc|x64.ActiveCfg = Release|Any CPU
		{24D060F5-FC4B-4459-9B42-FB01F3692620}.Ad-Hoc|x64.Build.0 = Release|Any CPU
		{24D060F5-FC4B-4459-9B42-FB01F3692620}.Ad-Hoc|x64.Deploy.0 = Release|Any CPU
		{24D060F5-FC4B-4459-9B42-FB01F3692620}.Ad-Hoc|x86.ActiveCfg = Release|Any CPU
		{24D060F5-FC4B-4459-9B42-FB01F3692620}.Ad-Hoc|x86.Build.0 = Release|Any CPU
		{24D060F5-FC4B-4459-9B42-FB01F3692620}.Ad-Hoc|x86.Deploy.0 = Release|Any CPU
		{24D060F5-FC4B-4459-9B42-FB01F3692620}.AppStore|Any CPU.ActiveCfg = Release|Any CPU
		{24D060F5-FC4B-4459-9B42-FB01F3692620}.AppStore|Any CPU.Build.0 = Release|Any CPU
		{24D060F5-FC4B-4459-9B42-FB01F3692620}.AppStore|Any CPU.Deploy.0 = Release|Any CPU
		{24D060F5-FC4B-4459-9B42-FB01F3692620}.AppStore|ARM.ActiveCfg = Release|Any CPU
		{24D060F5-FC4B-4459-9B42-FB01F3692620}.AppStore|ARM.Build.0 = Release|Any CPU
		{24D060F5-FC4B-4459-9B42-FB01F3692620}.AppStore|ARM.Deploy.0 = Release|Any CPU
		{24D060F5-FC4B-4459-9B42-FB01F3692620}.AppStore|iPhone.ActiveCfg = Release|Any CPU
		{24D060F5-FC4B-4459-9B42-FB01F3692620}.AppStore|iPhone.Build.0 = Release|Any CPU
		{24D060F5-FC4B-4459-9B42-FB01F3692620}.AppStore|iPhone.Deploy.0 = Release|Any CPU
		{24D060F5-FC4B-4459-9B42-FB01F3692620}.AppStore|iPhoneSimulator.ActiveCfg = Release|Any CPU
		{24D060F5-FC4B-4459-9B42-FB01F3692620}.AppStore|iPhoneSimulator.Build.0 = Release|Any CPU
		{24D060F5-FC4B-4459-9B42-FB01F3692620}.AppStore|iPhoneSimulator.Deploy.0 = Release|Any CPU
		{24D060F5-FC4B-4459-9B42-FB01F3692620}.AppStore|x64.ActiveCfg = Release|Any CPU
		{24D060F5-FC4B-4459-9B42-FB01F3692620}.AppStore|x64.Build.0 = Release|Any CPU
		{24D060F5-FC4B-4459-9B42-FB01F3692620}.AppStore|x64.Deploy.0 = Release|Any CPU
		{24D060F5-FC4B-4459-9B42-FB01F3692620}.AppStore|x86.ActiveCfg = Release|Any CPU
		{24D060F5-FC4B-4459-9B42-FB01F3692620}.AppStore|x86.Build.0 = Release|Any CPU
		{24D060F5-FC4B-4459-9B42-FB01F3692620}.AppStore|x86.Deploy.0 = Release|Any CPU
		{24D060F5-FC4B-4459-9B42-FB01F3692620}.Debug|Any CPU.ActiveCfg = Debug|Any CPU
		{24D060F5-FC4B-4459-9B42-FB01F3692620}.Debug|Any CPU.Build.0 = Debug|Any CPU
		{24D060F5-FC4B-4459-9B42-FB01F3692620}.Debug|Any CPU.Deploy.0 = Debug|Any CPU
		{24D060F5-FC4B-4459-9B42-FB01F3692620}.Debug|ARM.ActiveCfg = Debug|Any CPU
		{24D060F5-FC4B-4459-9B42-FB01F3692620}.Debug|ARM.Build.0 = Debug|Any CPU
		{24D060F5-FC4B-4459-9B42-FB01F3692620}.Debug|ARM.Deploy.0 = Debug|Any CPU
		{24D060F5-FC4B-4459-9B42-FB01F3692620}.Debug|iPhone.ActiveCfg = Debug|Any CPU
		{24D060F5-FC4B-4459-9B42-FB01F3692620}.Debug|iPhone.Build.0 = Debug|Any CPU
		{24D060F5-FC4B-4459-9B42-FB01F3692620}.Debug|iPhone.Deploy.0 = Debug|Any CPU
		{24D060F5-FC4B-4459-9B42-FB01F3692620}.Debug|iPhoneSimulator.ActiveCfg = Debug|Any CPU
		{24D060F5-FC4B-4459-9B42-FB01F3692620}.Debug|iPhoneSimulator.Build.0 = Debug|Any CPU
		{24D060F5-FC4B-4459-9B42-FB01F3692620}.Debug|iPhoneSimulator.Deploy.0 = Debug|Any CPU
		{24D060F5-FC4B-4459-9B42-FB01F3692620}.Debug|x64.ActiveCfg = Debug|Any CPU
		{24D060F5-FC4B-4459-9B42-FB01F3692620}.Debug|x64.Build.0 = Debug|Any CPU
		{24D060F5-FC4B-4459-9B42-FB01F3692620}.Debug|x64.Deploy.0 = Debug|Any CPU
		{24D060F5-FC4B-4459-9B42-FB01F3692620}.Debug|x86.ActiveCfg = Debug|Any CPU
		{24D060F5-FC4B-4459-9B42-FB01F3692620}.Debug|x86.Build.0 = Debug|Any CPU
		{24D060F5-FC4B-4459-9B42-FB01F3692620}.Debug|x86.Deploy.0 = Debug|Any CPU
		{24D060F5-FC4B-4459-9B42-FB01F3692620}.Release|Any CPU.ActiveCfg = Release|Any CPU
		{24D060F5-FC4B-4459-9B42-FB01F3692620}.Release|Any CPU.Build.0 = Release|Any CPU
		{24D060F5-FC4B-4459-9B42-FB01F3692620}.Release|Any CPU.Deploy.0 = Release|Any CPU
		{24D060F5-FC4B-4459-9B42-FB01F3692620}.Release|ARM.ActiveCfg = Release|Any CPU
		{24D060F5-FC4B-4459-9B42-FB01F3692620}.Release|ARM.Build.0 = Release|Any CPU
		{24D060F5-FC4B-4459-9B42-FB01F3692620}.Release|ARM.Deploy.0 = Release|Any CPU
		{24D060F5-FC4B-4459-9B42-FB01F3692620}.Release|iPhone.ActiveCfg = Release|Any CPU
		{24D060F5-FC4B-4459-9B42-FB01F3692620}.Release|iPhone.Build.0 = Release|Any CPU
		{24D060F5-FC4B-4459-9B42-FB01F3692620}.Release|iPhone.Deploy.0 = Release|Any CPU
		{24D060F5-FC4B-4459-9B42-FB01F3692620}.Release|iPhoneSimulator.ActiveCfg = Release|Any CPU
		{24D060F5-FC4B-4459-9B42-FB01F3692620}.Release|iPhoneSimulator.Build.0 = Release|Any CPU
		{24D060F5-FC4B-4459-9B42-FB01F3692620}.Release|iPhoneSimulator.Deploy.0 = Release|Any CPU
		{24D060F5-FC4B-4459-9B42-FB01F3692620}.Release|x64.ActiveCfg = Release|Any CPU
		{24D060F5-FC4B-4459-9B42-FB01F3692620}.Release|x64.Build.0 = Release|Any CPU
		{24D060F5-FC4B-4459-9B42-FB01F3692620}.Release|x64.Deploy.0 = Release|Any CPU
		{24D060F5-FC4B-4459-9B42-FB01F3692620}.Release|x86.ActiveCfg = Release|Any CPU
		{24D060F5-FC4B-4459-9B42-FB01F3692620}.Release|x86.Build.0 = Release|Any CPU
		{24D060F5-FC4B-4459-9B42-FB01F3692620}.Release|x86.Deploy.0 = Release|Any CPU
		{A71657D2-BF05-4C4C-97C8-A4F456920345}.Ad-Hoc|Any CPU.ActiveCfg = Ad-Hoc|iPhone
		{A71657D2-BF05-4C4C-97C8-A4F456920345}.Ad-Hoc|ARM.ActiveCfg = Ad-Hoc|iPhone
		{A71657D2-BF05-4C4C-97C8-A4F456920345}.Ad-Hoc|iPhone.ActiveCfg = Ad-Hoc|iPhone
		{A71657D2-BF05-4C4C-97C8-A4F456920345}.Ad-Hoc|iPhone.Build.0 = Ad-Hoc|iPhone
		{A71657D2-BF05-4C4C-97C8-A4F456920345}.Ad-Hoc|iPhoneSimulator.ActiveCfg = Ad-Hoc|iPhoneSimulator
		{A71657D2-BF05-4C4C-97C8-A4F456920345}.Ad-Hoc|iPhoneSimulator.Build.0 = Ad-Hoc|iPhoneSimulator
		{A71657D2-BF05-4C4C-97C8-A4F456920345}.Ad-Hoc|x64.ActiveCfg = Ad-Hoc|iPhone
		{A71657D2-BF05-4C4C-97C8-A4F456920345}.Ad-Hoc|x86.ActiveCfg = Ad-Hoc|iPhone
		{A71657D2-BF05-4C4C-97C8-A4F456920345}.AppStore|Any CPU.ActiveCfg = AppStore|iPhone
		{A71657D2-BF05-4C4C-97C8-A4F456920345}.AppStore|ARM.ActiveCfg = AppStore|iPhone
		{A71657D2-BF05-4C4C-97C8-A4F456920345}.AppStore|iPhone.ActiveCfg = AppStore|iPhone
		{A71657D2-BF05-4C4C-97C8-A4F456920345}.AppStore|iPhone.Build.0 = AppStore|iPhone
		{A71657D2-BF05-4C4C-97C8-A4F456920345}.AppStore|iPhoneSimulator.ActiveCfg = AppStore|iPhoneSimulator
		{A71657D2-BF05-4C4C-97C8-A4F456920345}.AppStore|iPhoneSimulator.Build.0 = AppStore|iPhoneSimulator
		{A71657D2-BF05-4C4C-97C8-A4F456920345}.AppStore|x64.ActiveCfg = AppStore|iPhone
		{A71657D2-BF05-4C4C-97C8-A4F456920345}.AppStore|x86.ActiveCfg = AppStore|iPhone
		{A71657D2-BF05-4C4C-97C8-A4F456920345}.Debug|Any CPU.ActiveCfg = Debug|iPhone
		{A71657D2-BF05-4C4C-97C8-A4F456920345}.Debug|ARM.ActiveCfg = Debug|iPhone
		{A71657D2-BF05-4C4C-97C8-A4F456920345}.Debug|iPhone.ActiveCfg = Debug|iPhone
		{A71657D2-BF05-4C4C-97C8-A4F456920345}.Debug|iPhone.Build.0 = Debug|iPhone
		{A71657D2-BF05-4C4C-97C8-A4F456920345}.Debug|iPhoneSimulator.ActiveCfg = Debug|iPhoneSimulator
		{A71657D2-BF05-4C4C-97C8-A4F456920345}.Debug|iPhoneSimulator.Build.0 = Debug|iPhoneSimulator
		{A71657D2-BF05-4C4C-97C8-A4F456920345}.Debug|x64.ActiveCfg = Debug|iPhone
		{A71657D2-BF05-4C4C-97C8-A4F456920345}.Debug|x86.ActiveCfg = Debug|iPhone
		{A71657D2-BF05-4C4C-97C8-A4F456920345}.Release|Any CPU.ActiveCfg = Release|iPhone
		{A71657D2-BF05-4C4C-97C8-A4F456920345}.Release|ARM.ActiveCfg = Release|iPhone
		{A71657D2-BF05-4C4C-97C8-A4F456920345}.Release|iPhone.ActiveCfg = Release|iPhone
		{A71657D2-BF05-4C4C-97C8-A4F456920345}.Release|iPhone.Build.0 = Release|iPhone
		{A71657D2-BF05-4C4C-97C8-A4F456920345}.Release|iPhoneSimulator.ActiveCfg = Release|iPhoneSimulator
		{A71657D2-BF05-4C4C-97C8-A4F456920345}.Release|iPhoneSimulator.Build.0 = Release|iPhoneSimulator
		{A71657D2-BF05-4C4C-97C8-A4F456920345}.Release|x64.ActiveCfg = Release|iPhone
		{A71657D2-BF05-4C4C-97C8-A4F456920345}.Release|x86.ActiveCfg = Release|iPhone
		{C6EEC432-4AD4-43E0-980A-29D5FD15B441}.Ad-Hoc|Any CPU.ActiveCfg = Release|x64
		{C6EEC432-4AD4-43E0-980A-29D5FD15B441}.Ad-Hoc|Any CPU.Build.0 = Release|x64
		{C6EEC432-4AD4-43E0-980A-29D5FD15B441}.Ad-Hoc|Any CPU.Deploy.0 = Release|x64
		{C6EEC432-4AD4-43E0-980A-29D5FD15B441}.Ad-Hoc|ARM.ActiveCfg = Release|ARM
		{C6EEC432-4AD4-43E0-980A-29D5FD15B441}.Ad-Hoc|ARM.Build.0 = Release|ARM
		{C6EEC432-4AD4-43E0-980A-29D5FD15B441}.Ad-Hoc|ARM.Deploy.0 = Release|ARM
		{C6EEC432-4AD4-43E0-980A-29D5FD15B441}.Ad-Hoc|iPhone.ActiveCfg = Release|x64
		{C6EEC432-4AD4-43E0-980A-29D5FD15B441}.Ad-Hoc|iPhone.Build.0 = Release|x64
		{C6EEC432-4AD4-43E0-980A-29D5FD15B441}.Ad-Hoc|iPhone.Deploy.0 = Release|x64
		{C6EEC432-4AD4-43E0-980A-29D5FD15B441}.Ad-Hoc|iPhoneSimulator.ActiveCfg = Release|x64
		{C6EEC432-4AD4-43E0-980A-29D5FD15B441}.Ad-Hoc|iPhoneSimulator.Build.0 = Release|x64
		{C6EEC432-4AD4-43E0-980A-29D5FD15B441}.Ad-Hoc|iPhoneSimulator.Deploy.0 = Release|x64
		{C6EEC432-4AD4-43E0-980A-29D5FD15B441}.Ad-Hoc|x64.ActiveCfg = Release|x64
		{C6EEC432-4AD4-43E0-980A-29D5FD15B441}.Ad-Hoc|x64.Build.0 = Release|x64
		{C6EEC432-4AD4-43E0-980A-29D5FD15B441}.Ad-Hoc|x64.Deploy.0 = Release|x64
		{C6EEC432-4AD4-43E0-980A-29D5FD15B441}.Ad-Hoc|x86.ActiveCfg = Release|x86
		{C6EEC432-4AD4-43E0-980A-29D5FD15B441}.Ad-Hoc|x86.Build.0 = Release|x86
		{C6EEC432-4AD4-43E0-980A-29D5FD15B441}.Ad-Hoc|x86.Deploy.0 = Release|x86
		{C6EEC432-4AD4-43E0-980A-29D5FD15B441}.AppStore|Any CPU.ActiveCfg = Release|x64
		{C6EEC432-4AD4-43E0-980A-29D5FD15B441}.AppStore|Any CPU.Build.0 = Release|x64
		{C6EEC432-4AD4-43E0-980A-29D5FD15B441}.AppStore|Any CPU.Deploy.0 = Release|x64
		{C6EEC432-4AD4-43E0-980A-29D5FD15B441}.AppStore|ARM.ActiveCfg = Release|ARM
		{C6EEC432-4AD4-43E0-980A-29D5FD15B441}.AppStore|ARM.Build.0 = Release|ARM
		{C6EEC432-4AD4-43E0-980A-29D5FD15B441}.AppStore|ARM.Deploy.0 = Release|ARM
		{C6EEC432-4AD4-43E0-980A-29D5FD15B441}.AppStore|iPhone.ActiveCfg = Release|x64
		{C6EEC432-4AD4-43E0-980A-29D5FD15B441}.AppStore|iPhone.Build.0 = Release|x64
		{C6EEC432-4AD4-43E0-980A-29D5FD15B441}.AppStore|iPhone.Deploy.0 = Release|x64
		{C6EEC432-4AD4-43E0-980A-29D5FD15B441}.AppStore|iPhoneSimulator.ActiveCfg = Release|x64
		{C6EEC432-4AD4-43E0-980A-29D5FD15B441}.AppStore|iPhoneSimulator.Build.0 = Release|x64
		{C6EEC432-4AD4-43E0-980A-29D5FD15B441}.AppStore|iPhoneSimulator.Deploy.0 = Release|x64
		{C6EEC432-4AD4-43E0-980A-29D5FD15B441}.AppStore|x64.ActiveCfg = Release|x64
		{C6EEC432-4AD4-43E0-980A-29D5FD15B441}.AppStore|x64.Build.0 = Release|x64
		{C6EEC432-4AD4-43E0-980A-29D5FD15B441}.AppStore|x64.Deploy.0 = Release|x64
		{C6EEC432-4AD4-43E0-980A-29D5FD15B441}.AppStore|x86.ActiveCfg = Release|x86
		{C6EEC432-4AD4-43E0-980A-29D5FD15B441}.AppStore|x86.Build.0 = Release|x86
		{C6EEC432-4AD4-43E0-980A-29D5FD15B441}.AppStore|x86.Deploy.0 = Release|x86
		{C6EEC432-4AD4-43E0-980A-29D5FD15B441}.Debug|Any CPU.ActiveCfg = Debug|x86
		{C6EEC432-4AD4-43E0-980A-29D5FD15B441}.Debug|ARM.ActiveCfg = Debug|ARM
		{C6EEC432-4AD4-43E0-980A-29D5FD15B441}.Debug|ARM.Build.0 = Debug|ARM
		{C6EEC432-4AD4-43E0-980A-29D5FD15B441}.Debug|ARM.Deploy.0 = Debug|ARM
		{C6EEC432-4AD4-43E0-980A-29D5FD15B441}.Debug|iPhone.ActiveCfg = Debug|x86
		{C6EEC432-4AD4-43E0-980A-29D5FD15B441}.Debug|iPhoneSimulator.ActiveCfg = Debug|x86
		{C6EEC432-4AD4-43E0-980A-29D5FD15B441}.Debug|x64.ActiveCfg = Debug|x64
		{C6EEC432-4AD4-43E0-980A-29D5FD15B441}.Debug|x64.Build.0 = Debug|x64
		{C6EEC432-4AD4-43E0-980A-29D5FD15B441}.Debug|x64.Deploy.0 = Debug|x64
		{C6EEC432-4AD4-43E0-980A-29D5FD15B441}.Debug|x86.ActiveCfg = Debug|x86
		{C6EEC432-4AD4-43E0-980A-29D5FD15B441}.Debug|x86.Build.0 = Debug|x86
		{C6EEC432-4AD4-43E0-980A-29D5FD15B441}.Debug|x86.Deploy.0 = Debug|x86
		{C6EEC432-4AD4-43E0-980A-29D5FD15B441}.Release|Any CPU.ActiveCfg = Release|x86
		{C6EEC432-4AD4-43E0-980A-29D5FD15B441}.Release|ARM.ActiveCfg = Release|ARM
		{C6EEC432-4AD4-43E0-980A-29D5FD15B441}.Release|ARM.Build.0 = Release|ARM
		{C6EEC432-4AD4-43E0-980A-29D5FD15B441}.Release|ARM.Deploy.0 = Release|ARM
		{C6EEC432-4AD4-43E0-980A-29D5FD15B441}.Release|iPhone.ActiveCfg = Release|x86
		{C6EEC432-4AD4-43E0-980A-29D5FD15B441}.Release|iPhoneSimulator.ActiveCfg = Release|x86
		{C6EEC432-4AD4-43E0-980A-29D5FD15B441}.Release|x64.ActiveCfg = Release|x64
		{C6EEC432-4AD4-43E0-980A-29D5FD15B441}.Release|x64.Build.0 = Release|x64
		{C6EEC432-4AD4-43E0-980A-29D5FD15B441}.Release|x64.Deploy.0 = Release|x64
		{C6EEC432-4AD4-43E0-980A-29D5FD15B441}.Release|x86.ActiveCfg = Release|x86
		{C6EEC432-4AD4-43E0-980A-29D5FD15B441}.Release|x86.Build.0 = Release|x86
		{C6EEC432-4AD4-43E0-980A-29D5FD15B441}.Release|x86.Deploy.0 = Release|x86
		{215F2C47-F238-440C-91E6-D7C23BB0FC1E}.Ad-Hoc|Any CPU.ActiveCfg = Debug|Any CPU
		{215F2C47-F238-440C-91E6-D7C23BB0FC1E}.Ad-Hoc|Any CPU.Build.0 = Debug|Any CPU
		{215F2C47-F238-440C-91E6-D7C23BB0FC1E}.Ad-Hoc|ARM.ActiveCfg = Debug|Any CPU
		{215F2C47-F238-440C-91E6-D7C23BB0FC1E}.Ad-Hoc|ARM.Build.0 = Debug|Any CPU
		{215F2C47-F238-440C-91E6-D7C23BB0FC1E}.Ad-Hoc|iPhone.ActiveCfg = Debug|Any CPU
		{215F2C47-F238-440C-91E6-D7C23BB0FC1E}.Ad-Hoc|iPhone.Build.0 = Debug|Any CPU
		{215F2C47-F238-440C-91E6-D7C23BB0FC1E}.Ad-Hoc|iPhoneSimulator.ActiveCfg = Debug|Any CPU
		{215F2C47-F238-440C-91E6-D7C23BB0FC1E}.Ad-Hoc|iPhoneSimulator.Build.0 = Debug|Any CPU
		{215F2C47-F238-440C-91E6-D7C23BB0FC1E}.Ad-Hoc|x64.ActiveCfg = Debug|Any CPU
		{215F2C47-F238-440C-91E6-D7C23BB0FC1E}.Ad-Hoc|x64.Build.0 = Debug|Any CPU
		{215F2C47-F238-440C-91E6-D7C23BB0FC1E}.Ad-Hoc|x86.ActiveCfg = Debug|Any CPU
		{215F2C47-F238-440C-91E6-D7C23BB0FC1E}.Ad-Hoc|x86.Build.0 = Debug|Any CPU
		{215F2C47-F238-440C-91E6-D7C23BB0FC1E}.AppStore|Any CPU.ActiveCfg = Debug|Any CPU
		{215F2C47-F238-440C-91E6-D7C23BB0FC1E}.AppStore|Any CPU.Build.0 = Debug|Any CPU
		{215F2C47-F238-440C-91E6-D7C23BB0FC1E}.AppStore|ARM.ActiveCfg = Debug|Any CPU
		{215F2C47-F238-440C-91E6-D7C23BB0FC1E}.AppStore|ARM.Build.0 = Debug|Any CPU
		{215F2C47-F238-440C-91E6-D7C23BB0FC1E}.AppStore|iPhone.ActiveCfg = Debug|Any CPU
		{215F2C47-F238-440C-91E6-D7C23BB0FC1E}.AppStore|iPhone.Build.0 = Debug|Any CPU
		{215F2C47-F238-440C-91E6-D7C23BB0FC1E}.AppStore|iPhoneSimulator.ActiveCfg = Debug|Any CPU
		{215F2C47-F238-440C-91E6-D7C23BB0FC1E}.AppStore|iPhoneSimulator.Build.0 = Debug|Any CPU
		{215F2C47-F238-440C-91E6-D7C23BB0FC1E}.AppStore|x64.ActiveCfg = Debug|Any CPU
		{215F2C47-F238-440C-91E6-D7C23BB0FC1E}.AppStore|x64.Build.0 = Debug|Any CPU
		{215F2C47-F238-440C-91E6-D7C23BB0FC1E}.AppStore|x86.ActiveCfg = Debug|Any CPU
		{215F2C47-F238-440C-91E6-D7C23BB0FC1E}.AppStore|x86.Build.0 = Debug|Any CPU
		{215F2C47-F238-440C-91E6-D7C23BB0FC1E}.Debug|Any CPU.ActiveCfg = Debug|Any CPU
		{215F2C47-F238-440C-91E6-D7C23BB0FC1E}.Debug|Any CPU.Build.0 = Debug|Any CPU
		{215F2C47-F238-440C-91E6-D7C23BB0FC1E}.Debug|ARM.ActiveCfg = Debug|Any CPU
		{215F2C47-F238-440C-91E6-D7C23BB0FC1E}.Debug|ARM.Build.0 = Debug|Any CPU
		{215F2C47-F238-440C-91E6-D7C23BB0FC1E}.Debug|iPhone.ActiveCfg = Debug|Any CPU
		{215F2C47-F238-440C-91E6-D7C23BB0FC1E}.Debug|iPhone.Build.0 = Debug|Any CPU
		{215F2C47-F238-440C-91E6-D7C23BB0FC1E}.Debug|iPhoneSimulator.ActiveCfg = Debug|Any CPU
		{215F2C47-F238-440C-91E6-D7C23BB0FC1E}.Debug|iPhoneSimulator.Build.0 = Debug|Any CPU
		{215F2C47-F238-440C-91E6-D7C23BB0FC1E}.Debug|x64.ActiveCfg = Debug|Any CPU
		{215F2C47-F238-440C-91E6-D7C23BB0FC1E}.Debug|x64.Build.0 = Debug|Any CPU
		{215F2C47-F238-440C-91E6-D7C23BB0FC1E}.Debug|x86.ActiveCfg = Debug|Any CPU
		{215F2C47-F238-440C-91E6-D7C23BB0FC1E}.Debug|x86.Build.0 = Debug|Any CPU
		{215F2C47-F238-440C-91E6-D7C23BB0FC1E}.Release|Any CPU.ActiveCfg = Release|Any CPU
		{215F2C47-F238-440C-91E6-D7C23BB0FC1E}.Release|Any CPU.Build.0 = Release|Any CPU
		{215F2C47-F238-440C-91E6-D7C23BB0FC1E}.Release|ARM.ActiveCfg = Release|Any CPU
		{215F2C47-F238-440C-91E6-D7C23BB0FC1E}.Release|ARM.Build.0 = Release|Any CPU
		{215F2C47-F238-440C-91E6-D7C23BB0FC1E}.Release|iPhone.ActiveCfg = Release|Any CPU
		{215F2C47-F238-440C-91E6-D7C23BB0FC1E}.Release|iPhone.Build.0 = Release|Any CPU
		{215F2C47-F238-440C-91E6-D7C23BB0FC1E}.Release|iPhoneSimulator.ActiveCfg = Release|Any CPU
		{215F2C47-F238-440C-91E6-D7C23BB0FC1E}.Release|iPhoneSimulator.Build.0 = Release|Any CPU
		{215F2C47-F238-440C-91E6-D7C23BB0FC1E}.Release|x64.ActiveCfg = Release|Any CPU
		{215F2C47-F238-440C-91E6-D7C23BB0FC1E}.Release|x64.Build.0 = Release|Any CPU
		{215F2C47-F238-440C-91E6-D7C23BB0FC1E}.Release|x86.ActiveCfg = Release|Any CPU
		{215F2C47-F238-440C-91E6-D7C23BB0FC1E}.Release|x86.Build.0 = Release|Any CPU
	EndGlobalSection
	GlobalSection(SolutionProperties) = preSolution
		HideSolutionNode = FALSE
	EndGlobalSection
	GlobalSection(ExtensibilityGlobals) = postSolution
		SolutionGuid = {D18DFB6F-E17D-445D-BB0E-B05AE793B9A0}
	EndGlobalSection
EndGlobal
